// !$*UTF8*$!
{
	archiveVersion = 1;
	classes = {
	};
	objectVersion = 56;
	objects = {

/* Begin PBXBuildFile section */
		CB4A1D972BBFE50F00A3DBE4 /* AppDelegate.swift in Sources */ = {isa = PBXBuildFile; fileRef = CB4A1D962BBFE50F00A3DBE4 /* AppDelegate.swift */; };
		CB4A1D992BBFE50F00A3DBE4 /* SceneDelegate.swift in Sources */ = {isa = PBXBuildFile; fileRef = CB4A1D982BBFE50F00A3DBE4 /* SceneDelegate.swift */; };
		CB4A1DA02BBFE51100A3DBE4 /* Assets.xcassets in Resources */ = {isa = PBXBuildFile; fileRef = CB4A1D9F2BBFE51100A3DBE4 /* Assets.xcassets */; };
		CB4A1DA32BBFE51100A3DBE4 /* Base in Resources */ = {isa = PBXBuildFile; fileRef = CB4A1DA22BBFE51100A3DBE4 /* Base */; };
		CB552FC22BD63876008AE1C3 /* SaveButton.swift in Sources */ = {isa = PBXBuildFile; fileRef = CB552FC12BD63876008AE1C3 /* SaveButton.swift */; };
		CB552FC42BD63D5C008AE1C3 /* GameCollectionViewController.swift in Sources */ = {isa = PBXBuildFile; fileRef = CB552FC32BD63D5C008AE1C3 /* GameCollectionViewController.swift */; };
		CB552FC62BD63D85008AE1C3 /* CardCell.swift in Sources */ = {isa = PBXBuildFile; fileRef = CB552FC52BD63D85008AE1C3 /* CardCell.swift */; };
		CB552FC82BD63DB9008AE1C3 /* CardModel.swift in Sources */ = {isa = PBXBuildFile; fileRef = CB552FC72BD63DB9008AE1C3 /* CardModel.swift */; };
		CB552FCA2BD63F62008AE1C3 /* GameModel.swift in Sources */ = {isa = PBXBuildFile; fileRef = CB552FC92BD63F62008AE1C3 /* GameModel.swift */; };
		CB552FCE2BD6563A008AE1C3 /* NavigationBar+Extension.swift in Sources */ = {isa = PBXBuildFile; fileRef = CB552FCD2BD6563A008AE1C3 /* NavigationBar+Extension.swift */; };
		CB552FEB2BD95618008AE1C3 /* CardFactory.swift in Sources */ = {isa = PBXBuildFile; fileRef = CB552FEA2BD95618008AE1C3 /* CardFactory.swift */; };
		CB552FED2BDA42A0008AE1C3 /* UserDefaults+Extencion.swift in Sources */ = {isa = PBXBuildFile; fileRef = CB552FEC2BDA42A0008AE1C3 /* UserDefaults+Extencion.swift */; };
		CB8430EF2BD2B9DC00AC058E /* SectionHeader.swift in Sources */ = {isa = PBXBuildFile; fileRef = CB8430EE2BD2B9DC00AC058E /* SectionHeader.swift */; };
		CB8430F12BD2BAE900AC058E /* Montserrat-SemiBold.ttf in Resources */ = {isa = PBXBuildFile; fileRef = CB8430F02BD2BAE800AC058E /* Montserrat-SemiBold.ttf */; };
		CB85E5752BCBC35A005F91EA /* MainViewController.swift in Sources */ = {isa = PBXBuildFile; fileRef = CB85E5742BCBC35A005F91EA /* MainViewController.swift */; };
		CB85E5782BCBC40F005F91EA /* Color+Extension.swift in Sources */ = {isa = PBXBuildFile; fileRef = CB85E5772BCBC40F005F91EA /* Color+Extension.swift */; };
		CB85E57A2BCBC5FD005F91EA /* Localization.swift in Sources */ = {isa = PBXBuildFile; fileRef = CB85E5792BCBC5FD005F91EA /* Localization.swift */; };
		CB85E57D2BCBC692005F91EA /* MainCoordinator.swift in Sources */ = {isa = PBXBuildFile; fileRef = CB85E57C2BCBC692005F91EA /* MainCoordinator.swift */; };
		CB85E5932BCBF05C005F91EA /* Nunito-Black.ttf in Resources */ = {isa = PBXBuildFile; fileRef = CB85E5922BCBF05C005F91EA /* Nunito-Black.ttf */; };
		CB85E5952BCBF0B7005F91EA /* Nunito-SemiBold.ttf in Resources */ = {isa = PBXBuildFile; fileRef = CB85E5942BCBF0B7005F91EA /* Nunito-SemiBold.ttf */; };
		CB85E5972BCFB0A7005F91EA /* SettingsCollectionViewController.swift in Sources */ = {isa = PBXBuildFile; fileRef = CB85E5962BCFB0A7005F91EA /* SettingsCollectionViewController.swift */; };
		CB85E5992BCFB32A005F91EA /* SettingsCell.swift in Sources */ = {isa = PBXBuildFile; fileRef = CB85E5982BCFB32A005F91EA /* SettingsCell.swift */; };
		CB85E59C2BCFB3BF005F91EA /* SettingsModels.swift in Sources */ = {isa = PBXBuildFile; fileRef = CB85E59B2BCFB3BF005F91EA /* SettingsModels.swift */; };
/* End PBXBuildFile section */

/* Begin PBXFileReference section */
		CB4A1D932BBFE50F00A3DBE4 /* FlipAndFind.app */ = {isa = PBXFileReference; explicitFileType = wrapper.application; includeInIndex = 0; path = FlipAndFind.app; sourceTree = BUILT_PRODUCTS_DIR; };
		CB4A1D962BBFE50F00A3DBE4 /* AppDelegate.swift */ = {isa = PBXFileReference; lastKnownFileType = sourcecode.swift; path = AppDelegate.swift; sourceTree = "<group>"; };
		CB4A1D982BBFE50F00A3DBE4 /* SceneDelegate.swift */ = {isa = PBXFileReference; lastKnownFileType = sourcecode.swift; path = SceneDelegate.swift; sourceTree = "<group>"; };
		CB4A1D9F2BBFE51100A3DBE4 /* Assets.xcassets */ = {isa = PBXFileReference; lastKnownFileType = folder.assetcatalog; path = Assets.xcassets; sourceTree = "<group>"; };
		CB4A1DA22BBFE51100A3DBE4 /* Base */ = {isa = PBXFileReference; lastKnownFileType = file.storyboard; name = Base; path = Base.lproj/LaunchScreen.storyboard; sourceTree = "<group>"; };
		CB4A1DA42BBFE51100A3DBE4 /* Info.plist */ = {isa = PBXFileReference; lastKnownFileType = text.plist.xml; path = Info.plist; sourceTree = "<group>"; };
		CB552FC12BD63876008AE1C3 /* SaveButton.swift */ = {isa = PBXFileReference; lastKnownFileType = sourcecode.swift; path = SaveButton.swift; sourceTree = "<group>"; };
		CB552FC32BD63D5C008AE1C3 /* GameCollectionViewController.swift */ = {isa = PBXFileReference; lastKnownFileType = sourcecode.swift; path = GameCollectionViewController.swift; sourceTree = "<group>"; };
		CB552FC52BD63D85008AE1C3 /* CardCell.swift */ = {isa = PBXFileReference; lastKnownFileType = sourcecode.swift; path = CardCell.swift; sourceTree = "<group>"; };
		CB552FC72BD63DB9008AE1C3 /* CardModel.swift */ = {isa = PBXFileReference; lastKnownFileType = sourcecode.swift; path = CardModel.swift; sourceTree = "<group>"; };
		CB552FC92BD63F62008AE1C3 /* GameModel.swift */ = {isa = PBXFileReference; lastKnownFileType = sourcecode.swift; path = GameModel.swift; sourceTree = "<group>"; };
		CB552FCD2BD6563A008AE1C3 /* NavigationBar+Extension.swift */ = {isa = PBXFileReference; lastKnownFileType = sourcecode.swift; path = "NavigationBar+Extension.swift"; sourceTree = "<group>"; };
		CB552FEA2BD95618008AE1C3 /* CardFactory.swift */ = {isa = PBXFileReference; lastKnownFileType = sourcecode.swift; path = CardFactory.swift; sourceTree = "<group>"; };
		CB552FEC2BDA42A0008AE1C3 /* UserDefaults+Extencion.swift */ = {isa = PBXFileReference; lastKnownFileType = sourcecode.swift; path = "UserDefaults+Extencion.swift"; sourceTree = "<group>"; };
		CB8430EE2BD2B9DC00AC058E /* SectionHeader.swift */ = {isa = PBXFileReference; lastKnownFileType = sourcecode.swift; path = SectionHeader.swift; sourceTree = "<group>"; };
		CB8430F02BD2BAE800AC058E /* Montserrat-SemiBold.ttf */ = {isa = PBXFileReference; lastKnownFileType = file; path = "Montserrat-SemiBold.ttf"; sourceTree = "<group>"; };
		CB85E5742BCBC35A005F91EA /* MainViewController.swift */ = {isa = PBXFileReference; lastKnownFileType = sourcecode.swift; path = MainViewController.swift; sourceTree = "<group>"; };
		CB85E5772BCBC40F005F91EA /* Color+Extension.swift */ = {isa = PBXFileReference; lastKnownFileType = sourcecode.swift; path = "Color+Extension.swift"; sourceTree = "<group>"; };
		CB85E5792BCBC5FD005F91EA /* Localization.swift */ = {isa = PBXFileReference; lastKnownFileType = sourcecode.swift; path = Localization.swift; sourceTree = "<group>"; };
		CB85E57C2BCBC692005F91EA /* MainCoordinator.swift */ = {isa = PBXFileReference; lastKnownFileType = sourcecode.swift; path = MainCoordinator.swift; sourceTree = "<group>"; };
		CB85E5922BCBF05C005F91EA /* Nunito-Black.ttf */ = {isa = PBXFileReference; lastKnownFileType = file; path = "Nunito-Black.ttf"; sourceTree = "<group>"; };
		CB85E5942BCBF0B7005F91EA /* Nunito-SemiBold.ttf */ = {isa = PBXFileReference; lastKnownFileType = file; path = "Nunito-SemiBold.ttf"; sourceTree = "<group>"; };
		CB85E5962BCFB0A7005F91EA /* SettingsCollectionViewController.swift */ = {isa = PBXFileReference; lastKnownFileType = sourcecode.swift; path = SettingsCollectionViewController.swift; sourceTree = "<group>"; };
		CB85E5982BCFB32A005F91EA /* SettingsCell.swift */ = {isa = PBXFileReference; lastKnownFileType = sourcecode.swift; path = SettingsCell.swift; sourceTree = "<group>"; };
		CB85E59B2BCFB3BF005F91EA /* SettingsModels.swift */ = {isa = PBXFileReference; lastKnownFileType = sourcecode.swift; path = SettingsModels.swift; sourceTree = "<group>"; };
/* End PBXFileReference section */

/* Begin PBXFrameworksBuildPhase section */
		CB4A1D902BBFE50F00A3DBE4 /* Frameworks */ = {
			isa = PBXFrameworksBuildPhase;
			buildActionMask = 2147483647;
			files = (
			);
			runOnlyForDeploymentPostprocessing = 0;
		};
/* End PBXFrameworksBuildPhase section */

/* Begin PBXGroup section */
		CB4A1D8A2BBFE50E00A3DBE4 = {
			isa = PBXGroup;
			children = (
				CB4A1D952BBFE50F00A3DBE4 /* FlipAndFind */,
				CB4A1D942BBFE50F00A3DBE4 /* Products */,
			);
			sourceTree = "<group>";
		};
		CB4A1D942BBFE50F00A3DBE4 /* Products */ = {
			isa = PBXGroup;
			children = (
				CB4A1D932BBFE50F00A3DBE4 /* FlipAndFind.app */,
			);
			name = Products;
			sourceTree = "<group>";
		};
		CB4A1D952BBFE50F00A3DBE4 /* FlipAndFind */ = {
			isa = PBXGroup;
			children = (
				CB4A1D962BBFE50F00A3DBE4 /* AppDelegate.swift */,
				CB4A1D982BBFE50F00A3DBE4 /* SceneDelegate.swift */,
				CB85E5732BCBC340005F91EA /* ViewControllers */,
				CB552FE92BD955EE008AE1C3 /* Factory */,
				CB85E59A2BCFB3A1005F91EA /* Model */,
				CB85E57B2BCBC681005F91EA /* Coordinator */,
				CB85E5762BCBC3E4005F91EA /* Helpers */,
				CB85E5802BCBCAD1005F91EA /* Fonts */,
				CB4A1D9F2BBFE51100A3DBE4 /* Assets.xcassets */,
				CB4A1DA12BBFE51100A3DBE4 /* LaunchScreen.storyboard */,
				CB4A1DA42BBFE51100A3DBE4 /* Info.plist */,
			);
			path = FlipAndFind;
			sourceTree = "<group>";
		};
		CB552FCB2BD64131008AE1C3 /* ReusableView */ = {
			isa = PBXGroup;
			children = (
				CB8430EE2BD2B9DC00AC058E /* SectionHeader.swift */,
				CB552FC12BD63876008AE1C3 /* SaveButton.swift */,
			);
			path = ReusableView;
			sourceTree = "<group>";
		};
		CB552FCC2BD64136008AE1C3 /* Cells */ = {
			isa = PBXGroup;
			children = (
				CB85E5982BCFB32A005F91EA /* SettingsCell.swift */,
				CB552FC52BD63D85008AE1C3 /* CardCell.swift */,
			);
			path = Cells;
			sourceTree = "<group>";
		};
		CB552FE92BD955EE008AE1C3 /* Factory */ = {
			isa = PBXGroup;
			children = (
				CB552FEA2BD95618008AE1C3 /* CardFactory.swift */,
			);
			path = Factory;
			sourceTree = "<group>";
		};
		CB85E5732BCBC340005F91EA /* ViewControllers */ = {
			isa = PBXGroup;
			children = (
				CB85E5742BCBC35A005F91EA /* MainViewController.swift */,
				CB85E5962BCFB0A7005F91EA /* SettingsCollectionViewController.swift */,
				CB552FC32BD63D5C008AE1C3 /* GameCollectionViewController.swift */,
				CB552FCC2BD64136008AE1C3 /* Cells */,
				CB552FCB2BD64131008AE1C3 /* ReusableView */,
			);
			path = ViewControllers;
			sourceTree = "<group>";
		};
		CB85E5762BCBC3E4005F91EA /* Helpers */ = {
			isa = PBXGroup;
			children = (
				CB85E5772BCBC40F005F91EA /* Color+Extension.swift */,
				CB552FEC2BDA42A0008AE1C3 /* UserDefaults+Extencion.swift */,
				CB552FCD2BD6563A008AE1C3 /* NavigationBar+Extension.swift */,
				CB85E5792BCBC5FD005F91EA /* Localization.swift */,
			);
			path = Helpers;
			sourceTree = "<group>";
		};
		CB85E57B2BCBC681005F91EA /* Coordinator */ = {
			isa = PBXGroup;
			children = (
				CB85E57C2BCBC692005F91EA /* MainCoordinator.swift */,
			);
			path = Coordinator;
			sourceTree = "<group>";
		};
		CB85E5802BCBCAD1005F91EA /* Fonts */ = {
			isa = PBXGroup;
			children = (
				CB8430F02BD2BAE800AC058E /* Montserrat-SemiBold.ttf */,
				CB85E5942BCBF0B7005F91EA /* Nunito-SemiBold.ttf */,
				CB85E5922BCBF05C005F91EA /* Nunito-Black.ttf */,
			);
			path = Fonts;
			sourceTree = "<group>";
		};
		CB85E59A2BCFB3A1005F91EA /* Model */ = {
			isa = PBXGroup;
			children = (
				CB85E59B2BCFB3BF005F91EA /* SettingsModels.swift */,
				CB552FC72BD63DB9008AE1C3 /* CardModel.swift */,
				CB552FC92BD63F62008AE1C3 /* GameModel.swift */,
			);
			path = Model;
			sourceTree = "<group>";
		};
/* End PBXGroup section */

/* Begin PBXNativeTarget section */
		CB4A1D922BBFE50F00A3DBE4 /* FlipAndFind */ = {
			isa = PBXNativeTarget;
			buildConfigurationList = CB4A1DA72BBFE51100A3DBE4 /* Build configuration list for PBXNativeTarget "FlipAndFind" */;
			buildPhases = (
				CB4A1D8F2BBFE50F00A3DBE4 /* Sources */,
				CB4A1D902BBFE50F00A3DBE4 /* Frameworks */,
				CB4A1D912BBFE50F00A3DBE4 /* Resources */,
			);
			buildRules = (
			);
			dependencies = (
			);
			name = FlipAndFind;
			productName = FlipAndFind;
			productReference = CB4A1D932BBFE50F00A3DBE4 /* FlipAndFind.app */;
			productType = "com.apple.product-type.application";
		};
/* End PBXNativeTarget section */

/* Begin PBXProject section */
		CB4A1D8B2BBFE50F00A3DBE4 /* Project object */ = {
			isa = PBXProject;
			attributes = {
				BuildIndependentTargetsInParallel = 1;
				LastSwiftUpdateCheck = 1530;
				LastUpgradeCheck = 1530;
				TargetAttributes = {
					CB4A1D922BBFE50F00A3DBE4 = {
						CreatedOnToolsVersion = 15.3;
					};
				};
			};
			buildConfigurationList = CB4A1D8E2BBFE50F00A3DBE4 /* Build configuration list for PBXProject "FlipAndFind" */;
			compatibilityVersion = "Xcode 14.0";
			developmentRegion = en;
			hasScannedForEncodings = 0;
			knownRegions = (
				en,
				Base,
			);
			mainGroup = CB4A1D8A2BBFE50E00A3DBE4;
			productRefGroup = CB4A1D942BBFE50F00A3DBE4 /* Products */;
			projectDirPath = "";
			projectRoot = "";
			targets = (
				CB4A1D922BBFE50F00A3DBE4 /* FlipAndFind */,
			);
		};
/* End PBXProject section */

/* Begin PBXResourcesBuildPhase section */
		CB4A1D912BBFE50F00A3DBE4 /* Resources */ = {
			isa = PBXResourcesBuildPhase;
			buildActionMask = 2147483647;
			files = (
				CB85E5932BCBF05C005F91EA /* Nunito-Black.ttf in Resources */,
				CB4A1DA02BBFE51100A3DBE4 /* Assets.xcassets in Resources */,
				CB4A1DA32BBFE51100A3DBE4 /* Base in Resources */,
				CB85E5952BCBF0B7005F91EA /* Nunito-SemiBold.ttf in Resources */,
				CB8430F12BD2BAE900AC058E /* Montserrat-SemiBold.ttf in Resources */,
			);
			runOnlyForDeploymentPostprocessing = 0;
		};
/* End PBXResourcesBuildPhase section */

/* Begin PBXSourcesBuildPhase section */
		CB4A1D8F2BBFE50F00A3DBE4 /* Sources */ = {
			isa = PBXSourcesBuildPhase;
			buildActionMask = 2147483647;
			files = (
				CB552FEB2BD95618008AE1C3 /* CardFactory.swift in Sources */,
				CB85E5752BCBC35A005F91EA /* MainViewController.swift in Sources */,
				CB85E57D2BCBC692005F91EA /* MainCoordinator.swift in Sources */,
				CB85E57A2BCBC5FD005F91EA /* Localization.swift in Sources */,
				CB4A1D972BBFE50F00A3DBE4 /* AppDelegate.swift in Sources */,
				CB8430EF2BD2B9DC00AC058E /* SectionHeader.swift in Sources */,
				CB552FCE2BD6563A008AE1C3 /* NavigationBar+Extension.swift in Sources */,
				CB552FCA2BD63F62008AE1C3 /* GameModel.swift in Sources */,
				CB4A1D992BBFE50F00A3DBE4 /* SceneDelegate.swift in Sources */,
				CB552FC42BD63D5C008AE1C3 /* GameCollectionViewController.swift in Sources */,
				CB552FC62BD63D85008AE1C3 /* CardCell.swift in Sources */,
				CB85E5782BCBC40F005F91EA /* Color+Extension.swift in Sources */,
				CB552FC82BD63DB9008AE1C3 /* CardModel.swift in Sources */,
				CB552FC22BD63876008AE1C3 /* SaveButton.swift in Sources */,
				CB85E5992BCFB32A005F91EA /* SettingsCell.swift in Sources */,
				CB85E59C2BCFB3BF005F91EA /* SettingsModels.swift in Sources */,
				CB552FED2BDA42A0008AE1C3 /* UserDefaults+Extencion.swift in Sources */,
				CB85E5972BCFB0A7005F91EA /* SettingsCollectionViewController.swift in Sources */,
			);
			runOnlyForDeploymentPostprocessing = 0;
		};
/* End PBXSourcesBuildPhase section */

/* Begin PBXVariantGroup section */
		CB4A1DA12BBFE51100A3DBE4 /* LaunchScreen.storyboard */ = {
			isa = PBXVariantGroup;
			children = (
				CB4A1DA22BBFE51100A3DBE4 /* Base */,
			);
			name = LaunchScreen.storyboard;
			sourceTree = "<group>";
		};
/* End PBXVariantGroup section */

/* Begin XCBuildConfiguration section */
		CB4A1DA52BBFE51100A3DBE4 /* Debug */ = {
			isa = XCBuildConfiguration;
			buildSettings = {
				ALWAYS_SEARCH_USER_PATHS = NO;
				ASSETCATALOG_COMPILER_GENERATE_SWIFT_ASSET_SYMBOL_EXTENSIONS = YES;
				CLANG_ANALYZER_LOCALIZABILITY_NONLOCALIZED = YES;
				CLANG_ANALYZER_NONNULL = YES;
				CLANG_ANALYZER_NUMBER_OBJECT_CONVERSION = YES_AGGRESSIVE;
				CLANG_CXX_LANGUAGE_STANDARD = "gnu++20";
				CLANG_ENABLE_MODULES = YES;
				CLANG_ENABLE_OBJC_ARC = YES;
				CLANG_ENABLE_OBJC_WEAK = YES;
				CLANG_WARN_BLOCK_CAPTURE_AUTORELEASING = YES;
				CLANG_WARN_BOOL_CONVERSION = YES;
				CLANG_WARN_COMMA = YES;
				CLANG_WARN_CONSTANT_CONVERSION = YES;
				CLANG_WARN_DEPRECATED_OBJC_IMPLEMENTATIONS = YES;
				CLANG_WARN_DIRECT_OBJC_ISA_USAGE = YES_ERROR;
				CLANG_WARN_DOCUMENTATION_COMMENTS = YES;
				CLANG_WARN_EMPTY_BODY = YES;
				CLANG_WARN_ENUM_CONVERSION = YES;
				CLANG_WARN_INFINITE_RECURSION = YES;
				CLANG_WARN_INT_CONVERSION = YES;
				CLANG_WARN_NON_LITERAL_NULL_CONVERSION = YES;
				CLANG_WARN_OBJC_IMPLICIT_RETAIN_SELF = YES;
				CLANG_WARN_OBJC_LITERAL_CONVERSION = YES;
				CLANG_WARN_OBJC_ROOT_CLASS = YES_ERROR;
				CLANG_WARN_QUOTED_INCLUDE_IN_FRAMEWORK_HEADER = YES;
				CLANG_WARN_RANGE_LOOP_ANALYSIS = YES;
				CLANG_WARN_STRICT_PROTOTYPES = YES;
				CLANG_WARN_SUSPICIOUS_MOVE = YES;
				CLANG_WARN_UNGUARDED_AVAILABILITY = YES_AGGRESSIVE;
				CLANG_WARN_UNREACHABLE_CODE = YES;
				CLANG_WARN__DUPLICATE_METHOD_MATCH = YES;
				COPY_PHASE_STRIP = NO;
				DEBUG_INFORMATION_FORMAT = dwarf;
				ENABLE_STRICT_OBJC_MSGSEND = YES;
				ENABLE_TESTABILITY = YES;
				ENABLE_USER_SCRIPT_SANDBOXING = YES;
				GCC_C_LANGUAGE_STANDARD = gnu17;
				GCC_DYNAMIC_NO_PIC = NO;
				GCC_NO_COMMON_BLOCKS = YES;
				GCC_OPTIMIZATION_LEVEL = 0;
				GCC_PREPROCESSOR_DEFINITIONS = (
					"DEBUG=1",
					"$(inherited)",
				);
				GCC_WARN_64_TO_32_BIT_CONVERSION = YES;
				GCC_WARN_ABOUT_RETURN_TYPE = YES_ERROR;
				GCC_WARN_UNDECLARED_SELECTOR = YES;
				GCC_WARN_UNINITIALIZED_AUTOS = YES_AGGRESSIVE;
				GCC_WARN_UNUSED_FUNCTION = YES;
				GCC_WARN_UNUSED_VARIABLE = YES;
				IPHONEOS_DEPLOYMENT_TARGET = 17.4;
				LOCALIZATION_PREFERS_STRING_CATALOGS = YES;
				MTL_ENABLE_DEBUG_INFO = INCLUDE_SOURCE;
				MTL_FAST_MATH = YES;
				ONLY_ACTIVE_ARCH = YES;
				SDKROOT = iphoneos;
				SWIFT_ACTIVE_COMPILATION_CONDITIONS = "DEBUG $(inherited)";
				SWIFT_OPTIMIZATION_LEVEL = "-Onone";
			};
			name = Debug;
		};
		CB4A1DA62BBFE51100A3DBE4 /* Release */ = {
			isa = XCBuildConfiguration;
			buildSettings = {
				ALWAYS_SEARCH_USER_PATHS = NO;
				ASSETCATALOG_COMPILER_GENERATE_SWIFT_ASSET_SYMBOL_EXTENSIONS = YES;
				CLANG_ANALYZER_LOCALIZABILITY_NONLOCALIZED = YES;
				CLANG_ANALYZER_NONNULL = YES;
				CLANG_ANALYZER_NUMBER_OBJECT_CONVERSION = YES_AGGRESSIVE;
				CLANG_CXX_LANGUAGE_STANDARD = "gnu++20";
				CLANG_ENABLE_MODULES = YES;
				CLANG_ENABLE_OBJC_ARC = YES;
				CLANG_ENABLE_OBJC_WEAK = YES;
				CLANG_WARN_BLOCK_CAPTURE_AUTORELEASING = YES;
				CLANG_WARN_BOOL_CONVERSION = YES;
				CLANG_WARN_COMMA = YES;
				CLANG_WARN_CONSTANT_CONVERSION = YES;
				CLANG_WARN_DEPRECATED_OBJC_IMPLEMENTATIONS = YES;
				CLANG_WARN_DIRECT_OBJC_ISA_USAGE = YES_ERROR;
				CLANG_WARN_DOCUMENTATION_COMMENTS = YES;
				CLANG_WARN_EMPTY_BODY = YES;
				CLANG_WARN_ENUM_CONVERSION = YES;
				CLANG_WARN_INFINITE_RECURSION = YES;
				CLANG_WARN_INT_CONVERSION = YES;
				CLANG_WARN_NON_LITERAL_NULL_CONVERSION = YES;
				CLANG_WARN_OBJC_IMPLICIT_RETAIN_SELF = YES;
				CLANG_WARN_OBJC_LITERAL_CONVERSION = YES;
				CLANG_WARN_OBJC_ROOT_CLASS = YES_ERROR;
				CLANG_WARN_QUOTED_INCLUDE_IN_FRAMEWORK_HEADER = YES;
				CLANG_WARN_RANGE_LOOP_ANALYSIS = YES;
				CLANG_WARN_STRICT_PROTOTYPES = YES;
				CLANG_WARN_SUSPICIOUS_MOVE = YES;
				CLANG_WARN_UNGUARDED_AVAILABILITY = YES_AGGRESSIVE;
				CLANG_WARN_UNREACHABLE_CODE = YES;
				CLANG_WARN__DUPLICATE_METHOD_MATCH = YES;
				COPY_PHASE_STRIP = NO;
				DEBUG_INFORMATION_FORMAT = "dwarf-with-dsym";
				ENABLE_NS_ASSERTIONS = NO;
				ENABLE_STRICT_OBJC_MSGSEND = YES;
				ENABLE_USER_SCRIPT_SANDBOXING = YES;
				GCC_C_LANGUAGE_STANDARD = gnu17;
				GCC_NO_COMMON_BLOCKS = YES;
				GCC_WARN_64_TO_32_BIT_CONVERSION = YES;
				GCC_WARN_ABOUT_RETURN_TYPE = YES_ERROR;
				GCC_WARN_UNDECLARED_SELECTOR = YES;
				GCC_WARN_UNINITIALIZED_AUTOS = YES_AGGRESSIVE;
				GCC_WARN_UNUSED_FUNCTION = YES;
				GCC_WARN_UNUSED_VARIABLE = YES;
				IPHONEOS_DEPLOYMENT_TARGET = 17.4;
				LOCALIZATION_PREFERS_STRING_CATALOGS = YES;
				MTL_ENABLE_DEBUG_INFO = NO;
				MTL_FAST_MATH = YES;
				SDKROOT = iphoneos;
				SWIFT_COMPILATION_MODE = wholemodule;
				VALIDATE_PRODUCT = YES;
			};
			name = Release;
		};
		CB4A1DA82BBFE51100A3DBE4 /* Debug */ = {
			isa = XCBuildConfiguration;
			buildSettings = {
				ASSETCATALOG_COMPILER_APPICON_NAME = AppIcon;
				ASSETCATALOG_COMPILER_GLOBAL_ACCENT_COLOR_NAME = AccentColor;
				CODE_SIGN_STYLE = Automatic;
				CURRENT_PROJECT_VERSION = 1;
				DEVELOPMENT_TEAM = BF9955PJ9F;
				GENERATE_INFOPLIST_FILE = YES;
				INFOPLIST_FILE = FlipAndFind/Info.plist;
				INFOPLIST_KEY_UIApplicationSupportsIndirectInputEvents = YES;
				INFOPLIST_KEY_UILaunchStoryboardName = LaunchScreen;
				INFOPLIST_KEY_UISupportedInterfaceOrientations_iPad = "UIInterfaceOrientationPortrait UIInterfaceOrientationPortraitUpsideDown UIInterfaceOrientationLandscapeLeft UIInterfaceOrientationLandscapeRight";
				INFOPLIST_KEY_UISupportedInterfaceOrientations_iPhone = "UIInterfaceOrientationPortrait UIInterfaceOrientationLandscapeLeft UIInterfaceOrientationLandscapeRight";
				IPHONEOS_DEPLOYMENT_TARGET = 17.0;
				LD_RUNPATH_SEARCH_PATHS = (
					"$(inherited)",
					"@executable_path/Frameworks",
				);
				MARKETING_VERSION = 1.0;
				PRODUCT_BUNDLE_IDENTIFIER = Imaev.Dmitrii.FlipAndFind;
				PRODUCT_NAME = "$(TARGET_NAME)";
				SWIFT_EMIT_LOC_STRINGS = YES;
				SWIFT_VERSION = 5.0;
				TARGETED_DEVICE_FAMILY = "1,2";
			};
			name = Debug;
		};
		CB4A1DA92BBFE51100A3DBE4 /* Release */ = {
			isa = XCBuildConfiguration;
			buildSettings = {
				ASSETCATALOG_COMPILER_APPICON_NAME = AppIcon;
				ASSETCATALOG_COMPILER_GLOBAL_ACCENT_COLOR_NAME = AccentColor;
				CODE_SIGN_STYLE = Automatic;
				CURRENT_PROJECT_VERSION = 1;
				DEVELOPMENT_TEAM = BF9955PJ9F;
				GENERATE_INFOPLIST_FILE = YES;
				INFOPLIST_FILE = FlipAndFind/Info.plist;
				INFOPLIST_KEY_UIApplicationSupportsIndirectInputEvents = YES;
				INFOPLIST_KEY_UILaunchStoryboardName = LaunchScreen;
				INFOPLIST_KEY_UISupportedInterfaceOrientations_iPad = "UIInterfaceOrientationPortrait UIInterfaceOrientationPortraitUpsideDown UIInterfaceOrientationLandscapeLeft UIInterfaceOrientationLandscapeRight";
				INFOPLIST_KEY_UISupportedInterfaceOrientations_iPhone = "UIInterfaceOrientationPortrait UIInterfaceOrientationLandscapeLeft UIInterfaceOrientationLandscapeRight";
				IPHONEOS_DEPLOYMENT_TARGET = 17.0;
				LD_RUNPATH_SEARCH_PATHS = (
					"$(inherited)",
					"@executable_path/Frameworks",
				);
				MARKETING_VERSION = 1.0;
				PRODUCT_BUNDLE_IDENTIFIER = Imaev.Dmitrii.FlipAndFind;
				PRODUCT_NAME = "$(TARGET_NAME)";
				SWIFT_EMIT_LOC_STRINGS = YES;
				SWIFT_VERSION = 5.0;
				TARGETED_DEVICE_FAMILY = "1,2";
			};
			name = Release;
		};
/* End XCBuildConfiguration section */

/* Begin XCConfigurationList section */
		CB4A1D8E2BBFE50F00A3DBE4 /* Build configuration list for PBXProject "FlipAndFind" */ = {
			isa = XCConfigurationList;
			buildConfigurations = (
				CB4A1DA52BBFE51100A3DBE4 /* Debug */,
				CB4A1DA62BBFE51100A3DBE4 /* Release */,
			);
			defaultConfigurationIsVisible = 0;
			defaultConfigurationName = Release;
		};
		CB4A1DA72BBFE51100A3DBE4 /* Build configuration list for PBXNativeTarget "FlipAndFind" */ = {
			isa = XCConfigurationList;
			buildConfigurations = (
				CB4A1DA82BBFE51100A3DBE4 /* Debug */,
				CB4A1DA92BBFE51100A3DBE4 /* Release */,
			);
			defaultConfigurationIsVisible = 0;
			defaultConfigurationName = Release;
		};
/* End XCConfigurationList section */
	};
	rootObject = CB4A1D8B2BBFE50F00A3DBE4 /* Project object */;
}
